#MicroXplorer Configuration settings - do not modify
ADC1.Channel-0\#ChannelRegularConversion=ADC_CHANNEL_8
ADC1.Channel-1\#ChannelRegularConversion=ADC_CHANNEL_13
ADC1.ClockPrescaler=ADC_CLOCK_SYNC_PCLK_DIV8
ADC1.ContinuousConvMode=ENABLE
ADC1.DMAContinuousRequests=ENABLE
ADC1.ExternalTrigConv=ADC_SOFTWARE_START
ADC1.IPParameters=Rank-0\#ChannelRegularConversion,Channel-0\#ChannelRegularConversion,SamplingTime-0\#ChannelRegularConversion,NbrOfConversionFlag,master,ClockPrescaler,DMAContinuousRequests,ExternalTrigConv,NbrOfConversion,Rank-1\#ChannelRegularConversion,Channel-1\#ChannelRegularConversion,SamplingTime-1\#ChannelRegularConversion,InjNumberOfConversion,ContinuousConvMode
ADC1.InjNumberOfConversion=0
ADC1.NbrOfConversion=2
ADC1.NbrOfConversionFlag=1
ADC1.Rank-0\#ChannelRegularConversion=1
ADC1.Rank-1\#ChannelRegularConversion=2
ADC1.SamplingTime-0\#ChannelRegularConversion=ADC_SAMPLETIME_480CYCLES
ADC1.SamplingTime-1\#ChannelRegularConversion=ADC_SAMPLETIME_480CYCLES
ADC1.master=1
ADC2.Channel-0\#ChannelRegularConversion=ADC_CHANNEL_12
ADC2.ClockPrescaler=ADC_CLOCK_SYNC_PCLK_DIV8
ADC2.IPParameters=Rank-0\#ChannelRegularConversion,Channel-0\#ChannelRegularConversion,SamplingTime-0\#ChannelRegularConversion,NbrOfConversionFlag,ClockPrescaler
ADC2.NbrOfConversionFlag=1
ADC2.Rank-0\#ChannelRegularConversion=1
ADC2.SamplingTime-0\#ChannelRegularConversion=ADC_SAMPLETIME_3CYCLES
ADC3.Channel-0\#ChannelRegularConversion=ADC_CHANNEL_10
ADC3.Channel-1\#ChannelRegularConversion=ADC_CHANNEL_11
ADC3.ClockPrescaler=ADC_CLOCK_SYNC_PCLK_DIV8
ADC3.ContinuousConvMode=ENABLE
ADC3.DMAContinuousRequests=ENABLE
ADC3.ExternalTrigConv=ADC_SOFTWARE_START
ADC3.IPParameters=Rank-0\#ChannelRegularConversion,Channel-0\#ChannelRegularConversion,SamplingTime-0\#ChannelRegularConversion,NbrOfConversionFlag,ClockPrescaler,DMAContinuousRequests,ExternalTrigConv,ContinuousConvMode,ScanConvMode,Rank-1\#ChannelRegularConversion,Channel-1\#ChannelRegularConversion,SamplingTime-1\#ChannelRegularConversion,NbrOfConversion
ADC3.NbrOfConversion=2
ADC3.NbrOfConversionFlag=1
ADC3.Rank-0\#ChannelRegularConversion=1
ADC3.Rank-1\#ChannelRegularConversion=2
ADC3.SamplingTime-0\#ChannelRegularConversion=ADC_SAMPLETIME_480CYCLES
ADC3.SamplingTime-1\#ChannelRegularConversion=ADC_SAMPLETIME_480CYCLES
ADC3.ScanConvMode=ENABLE
Dma.ADC1.4.Direction=DMA_PERIPH_TO_MEMORY
Dma.ADC1.4.FIFOMode=DMA_FIFOMODE_DISABLE
Dma.ADC1.4.Instance=DMA2_Stream0
Dma.ADC1.4.MemDataAlignment=DMA_MDATAALIGN_HALFWORD
Dma.ADC1.4.MemInc=DMA_MINC_ENABLE
Dma.ADC1.4.Mode=DMA_CIRCULAR
Dma.ADC1.4.PeriphDataAlignment=DMA_PDATAALIGN_HALFWORD
Dma.ADC1.4.PeriphInc=DMA_PINC_DISABLE
Dma.ADC1.4.Priority=DMA_PRIORITY_HIGH
Dma.ADC1.4.RequestParameters=Instance,Direction,PeriphInc,MemInc,PeriphDataAlignment,MemDataAlignment,Mode,Priority,FIFOMode
Dma.ADC3.5.Direction=DMA_PERIPH_TO_MEMORY
Dma.ADC3.5.FIFOMode=DMA_FIFOMODE_DISABLE
Dma.ADC3.5.Instance=DMA2_Stream1
Dma.ADC3.5.MemDataAlignment=DMA_MDATAALIGN_HALFWORD
Dma.ADC3.5.MemInc=DMA_MINC_ENABLE
Dma.ADC3.5.Mode=DMA_CIRCULAR
Dma.ADC3.5.PeriphDataAlignment=DMA_PDATAALIGN_HALFWORD
Dma.ADC3.5.PeriphInc=DMA_PINC_DISABLE
Dma.ADC3.5.Priority=DMA_PRIORITY_LOW
Dma.ADC3.5.RequestParameters=Instance,Direction,PeriphInc,MemInc,PeriphDataAlignment,MemDataAlignment,Mode,Priority,FIFOMode
Dma.Request0=SPI2_TX
Dma.Request1=SPI2_RX
Dma.Request2=SPI3_RX
Dma.Request3=SPI3_TX
Dma.Request4=ADC1
Dma.Request5=ADC3
Dma.RequestsNb=6
Dma.SPI2_RX.1.Direction=DMA_PERIPH_TO_MEMORY
Dma.SPI2_RX.1.FIFOMode=DMA_FIFOMODE_DISABLE
Dma.SPI2_RX.1.Instance=DMA1_Stream3
Dma.SPI2_RX.1.MemDataAlignment=DMA_MDATAALIGN_BYTE
Dma.SPI2_RX.1.MemInc=DMA_MINC_ENABLE
Dma.SPI2_RX.1.Mode=DMA_NORMAL
Dma.SPI2_RX.1.PeriphDataAlignment=DMA_PDATAALIGN_BYTE
Dma.SPI2_RX.1.PeriphInc=DMA_PINC_DISABLE
Dma.SPI2_RX.1.Priority=DMA_PRIORITY_HIGH
Dma.SPI2_RX.1.RequestParameters=Instance,Direction,PeriphInc,MemInc,PeriphDataAlignment,MemDataAlignment,Mode,Priority,FIFOMode
Dma.SPI2_TX.0.Direction=DMA_MEMORY_TO_PERIPH
Dma.SPI2_TX.0.FIFOMode=DMA_FIFOMODE_DISABLE
Dma.SPI2_TX.0.Instance=DMA1_Stream4
Dma.SPI2_TX.0.MemDataAlignment=DMA_MDATAALIGN_BYTE
Dma.SPI2_TX.0.MemInc=DMA_MINC_ENABLE
Dma.SPI2_TX.0.Mode=DMA_NORMAL
Dma.SPI2_TX.0.PeriphDataAlignment=DMA_PDATAALIGN_BYTE
Dma.SPI2_TX.0.PeriphInc=DMA_PINC_DISABLE
Dma.SPI2_TX.0.Priority=DMA_PRIORITY_HIGH
Dma.SPI2_TX.0.RequestParameters=Instance,Direction,PeriphInc,MemInc,PeriphDataAlignment,MemDataAlignment,Mode,Priority,FIFOMode
Dma.SPI3_RX.2.Direction=DMA_PERIPH_TO_MEMORY
Dma.SPI3_RX.2.FIFOMode=DMA_FIFOMODE_DISABLE
Dma.SPI3_RX.2.Instance=DMA1_Stream0
Dma.SPI3_RX.2.MemDataAlignment=DMA_MDATAALIGN_BYTE
Dma.SPI3_RX.2.MemInc=DMA_MINC_ENABLE
Dma.SPI3_RX.2.Mode=DMA_NORMAL
Dma.SPI3_RX.2.PeriphDataAlignment=DMA_PDATAALIGN_BYTE
Dma.SPI3_RX.2.PeriphInc=DMA_PINC_DISABLE
Dma.SPI3_RX.2.Priority=DMA_PRIORITY_LOW
Dma.SPI3_RX.2.RequestParameters=Instance,Direction,PeriphInc,MemInc,PeriphDataAlignment,MemDataAlignment,Mode,Priority,FIFOMode
Dma.SPI3_TX.3.Direction=DMA_MEMORY_TO_PERIPH
Dma.SPI3_TX.3.FIFOMode=DMA_FIFOMODE_DISABLE
Dma.SPI3_TX.3.Instance=DMA1_Stream5
Dma.SPI3_TX.3.MemDataAlignment=DMA_MDATAALIGN_BYTE
Dma.SPI3_TX.3.MemInc=DMA_MINC_ENABLE
Dma.SPI3_TX.3.Mode=DMA_NORMAL
Dma.SPI3_TX.3.PeriphDataAlignment=DMA_PDATAALIGN_BYTE
Dma.SPI3_TX.3.PeriphInc=DMA_PINC_DISABLE
Dma.SPI3_TX.3.Priority=DMA_PRIORITY_LOW
Dma.SPI3_TX.3.RequestParameters=Instance,Direction,PeriphInc,MemInc,PeriphDataAlignment,MemDataAlignment,Mode,Priority,FIFOMode
File.Version=6
I2C1.ClockSpeed=100000
I2C1.IPParameters=ClockSpeed,NoStretchMode
I2C1.NoStretchMode=I2C_NOSTRETCH_DISABLE
KeepUserPlacement=false
Mcu.Family=STM32F4
Mcu.IP0=ADC1
Mcu.IP1=ADC2
Mcu.IP10=SPI1
Mcu.IP11=SPI2
Mcu.IP12=SPI3
Mcu.IP13=SPI4
Mcu.IP14=SYS
Mcu.IP15=TIM2
Mcu.IP16=TIM3
Mcu.IP17=TIM8
Mcu.IP18=TIM14
Mcu.IP19=USART2
Mcu.IP2=ADC3
Mcu.IP3=DMA
Mcu.IP4=I2C1
Mcu.IP5=I2C2
Mcu.IP6=I2C3
Mcu.IP7=NVIC
Mcu.IP8=RCC
Mcu.IP9=RTC
Mcu.IPNb=20
Mcu.Name=STM32F446V(C-E)Tx
Mcu.Package=LQFP100
Mcu.Pin0=PE2
Mcu.Pin1=PE3
Mcu.Pin10=PC3
Mcu.Pin11=PA0-WKUP
Mcu.Pin12=PA1
Mcu.Pin13=PA2
Mcu.Pin14=PA3
Mcu.Pin15=PA4
Mcu.Pin16=PA5
Mcu.Pin17=PA6
Mcu.Pin18=PA7
Mcu.Pin19=PC4
Mcu.Pin2=PE4
Mcu.Pin20=PC5
Mcu.Pin21=PB0
Mcu.Pin22=PB1
Mcu.Pin23=PE8
Mcu.Pin24=PE9
Mcu.Pin25=PE10
Mcu.Pin26=PE13
Mcu.Pin27=PE14
Mcu.Pin28=PB10
Mcu.Pin29=PB12
Mcu.Pin3=PE5
Mcu.Pin30=PB13
Mcu.Pin31=PB14
Mcu.Pin32=PB15
Mcu.Pin33=PD8
Mcu.Pin34=PD11
Mcu.Pin35=PD12
Mcu.Pin36=PD13
Mcu.Pin37=PD14
Mcu.Pin38=PC9
Mcu.Pin39=PA8
Mcu.Pin4=PE6
Mcu.Pin40=PA13
Mcu.Pin41=PA14
Mcu.Pin42=PA15
Mcu.Pin43=PC12
Mcu.Pin44=PD5
Mcu.Pin45=PD6
Mcu.Pin46=PD7
Mcu.Pin47=PB3
Mcu.Pin48=PB4
Mcu.Pin49=PB5
Mcu.Pin5=PH0-OSC_IN
Mcu.Pin50=PB6
Mcu.Pin51=PB7
Mcu.Pin52=PE0
Mcu.Pin53=PE1
Mcu.Pin54=VP_RTC_VS_RTC_Activate
Mcu.Pin55=VP_RTC_VS_RTC_Calendar
Mcu.Pin56=VP_SYS_VS_Systick
Mcu.Pin57=VP_TIM2_VS_ClockSourceINT
Mcu.Pin58=VP_TIM3_VS_ClockSourceINT
Mcu.Pin59=VP_TIM8_VS_ClockSourceINT
Mcu.Pin6=PH1-OSC_OUT
Mcu.Pin60=VP_TIM14_VS_ClockSourceINT
Mcu.Pin7=PC0
Mcu.Pin8=PC1
Mcu.Pin9=PC2
Mcu.PinsNb=61
Mcu.ThirdPartyNb=0
Mcu.UserConstants=
Mcu.UserName=STM32F446VETx
MxCube.Version=5.0.1
MxDb.Version=DB.5.0.1
NVIC.ADC_IRQn=true\:0\:0\:false\:false\:true\:true
NVIC.BusFault_IRQn=true\:0\:0\:false\:false\:true\:false
NVIC.DMA1_Stream0_IRQn=true\:0\:0\:false\:false\:true\:false
NVIC.DMA1_Stream3_IRQn=true\:0\:0\:false\:false\:true\:false
NVIC.DMA1_Stream4_IRQn=true\:0\:0\:false\:false\:true\:false
NVIC.DMA1_Stream5_IRQn=true\:0\:0\:false\:false\:true\:false
NVIC.DMA2_Stream0_IRQn=true\:0\:0\:false\:false\:true\:false
NVIC.DMA2_Stream1_IRQn=true\:0\:0\:false\:false\:true\:false
NVIC.DebugMonitor_IRQn=true\:0\:0\:false\:false\:true\:false
NVIC.HardFault_IRQn=true\:0\:0\:false\:false\:true\:false
NVIC.I2C1_ER_IRQn=true\:0\:0\:false\:false\:true\:true
NVIC.I2C1_EV_IRQn=true\:0\:0\:false\:false\:true\:true
NVIC.I2C2_ER_IRQn=true\:0\:0\:false\:false\:true\:true
NVIC.I2C2_EV_IRQn=true\:0\:0\:false\:false\:true\:true
NVIC.I2C3_ER_IRQn=true\:0\:0\:false\:false\:true\:true
NVIC.I2C3_EV_IRQn=true\:0\:0\:false\:false\:true\:true
NVIC.MemoryManagement_IRQn=true\:0\:0\:false\:false\:true\:false
NVIC.NonMaskableInt_IRQn=true\:0\:0\:false\:false\:true\:false
NVIC.PendSV_IRQn=true\:0\:0\:false\:false\:true\:false
NVIC.PriorityGroup=NVIC_PRIORITYGROUP_4
NVIC.SPI2_IRQn=true\:0\:0\:false\:false\:true\:true
NVIC.SVCall_IRQn=true\:0\:0\:false\:false\:true\:false
NVIC.SysTick_IRQn=true\:0\:0\:false\:false\:true\:false
NVIC.TIM2_IRQn=true\:0\:0\:false\:false\:true\:true
NVIC.TIM3_IRQn=true\:0\:0\:false\:false\:true\:true
NVIC.TIM8_TRG_COM_TIM14_IRQn=true\:0\:0\:false\:false\:true\:true
NVIC.TIM8_UP_TIM13_IRQn=true\:0\:0\:false\:false\:true\:true
NVIC.UsageFault_IRQn=true\:0\:0\:false\:false\:true\:false
PA0-WKUP.GPIOParameters=GPIO_Label
PA0-WKUP.GPIO_Label=COM_BLUE
PA0-WKUP.Locked=true
PA0-WKUP.Signal=GPIO_Output
PA1.GPIOParameters=GPIO_Label
PA1.GPIO_Label=COM_RED
PA1.Locked=true
PA1.Signal=GPIO_Output
PA13.GPIOParameters=GPIO_Label
PA13.GPIO_Label=SWDIO
PA13.Mode=Serial_Wire
PA13.Signal=SYS_JTMS-SWDIO
PA14.GPIOParameters=GPIO_Label
PA14.GPIO_Label=SWCLK
PA14.Mode=Serial_Wire
PA14.Signal=SYS_JTCK-SWCLK
PA15.GPIOParameters=GPIO_Label
PA15.GPIO_Label=BUZZER
PA15.Locked=true
PA15.Signal=GPIO_Output
PA2.GPIOParameters=GPIO_Label
PA2.GPIO_Label=COM_GREEN
PA2.Locked=true
PA2.Signal=GPIO_Output
PA3.GPIOParameters=GPIO_Label
PA3.GPIO_Label=UVC_ADC_1
PA3.Locked=true
PA3.Signal=ADCx_IN3
PA4.GPIOParameters=GPIO_Label
PA4.GPIO_Label=MPU_CS
PA4.Locked=true
PA4.Signal=GPIO_Output
PA5.GPIOParameters=GPIO_Label
PA5.GPIO_Label=MPU_SCK
PA5.Mode=Full_Duplex_Master
PA5.Signal=SPI1_SCK
PA6.GPIOParameters=GPIO_Label
PA6.GPIO_Label=MPU_MISO
PA6.Mode=Full_Duplex_Master
PA6.Signal=SPI1_MISO
PA7.GPIOParameters=GPIO_Label
PA7.GPIO_Label=MPU_MOSI
PA7.Mode=Full_Duplex_Master
PA7.Signal=SPI1_MOSI
PA8.GPIOParameters=GPIO_Label
PA8.GPIO_Label=SENSOR_C_SCL
PA8.Mode=I2C
PA8.Signal=I2C3_SCL
PB0.GPIOParameters=GPIO_Label
PB0.GPIO_Label=UVC_ADC_7
PB0.Locked=true
PB0.Signal=ADCx_IN8
PB1.GPIOParameters=GPIO_Label
PB1.GPIO_Label=UVC_ADC_6
PB1.Locked=true
PB1.Signal=ADCx_IN9
PB10.GPIOParameters=GPIO_Label
PB10.GPIO_Label=SENSOR_AB_SCL
PB10.Mode=I2C
PB10.Signal=I2C2_SCL
PB12.GPIOParameters=GPIO_Label
PB12.GPIO_Label=FLASH_CS
PB12.Locked=true
PB12.Signal=GPIO_Output
PB13.GPIOParameters=GPIO_Label
PB13.GPIO_Label=FLASH_SCK
PB13.Locked=true
PB13.Mode=Full_Duplex_Master
PB13.Signal=SPI2_SCK
PB14.GPIOParameters=GPIO_Label
PB14.GPIO_Label=FLASH_MISO
PB14.Locked=true
PB14.Mode=Full_Duplex_Master
PB14.Signal=SPI2_MISO
PB15.GPIOParameters=GPIO_Label
PB15.GPIO_Label=FLASH_MOSI
PB15.Locked=true
PB15.Mode=Full_Duplex_Master
PB15.Signal=SPI2_MOSI
PB3.GPIOParameters=GPIO_Label
PB3.GPIO_Label=MS56_SCK
PB3.Locked=true
PB3.Mode=Full_Duplex_Master
PB3.Signal=SPI3_SCK
PB4.GPIOParameters=GPIO_Label
PB4.GPIO_Label=MS56_MISO
PB4.Locked=true
PB4.Mode=Full_Duplex_Master
PB4.Signal=SPI3_MISO
PB5.GPIOParameters=GPIO_Label
PB5.GPIO_Label=MS56_MOSI
PB5.Locked=true
PB5.Mode=Full_Duplex_Master
PB5.Signal=SPI3_MOSI
PB6.GPIOParameters=GPIO_Speed,GPIO_PuPdOD,GPIO_Label
PB6.GPIO_Label=SENSOR_D_SCL
PB6.GPIO_PuPdOD=GPIO_PULLUP
PB6.GPIO_Speed=GPIO_SPEED_FREQ_HIGH
PB6.Mode=I2C
PB6.Signal=I2C1_SCL
PB7.GPIOParameters=GPIO_Speed,GPIO_PuPdOD,GPIO_Label
PB7.GPIO_Label=SENSOR_D_SDA
PB7.GPIO_PuPdOD=GPIO_PULLUP
PB7.GPIO_Speed=GPIO_SPEED_FREQ_HIGH
PB7.Mode=I2C
PB7.Signal=I2C1_SDA
PC0.GPIOParameters=GPIO_Label
PC0.GPIO_Label=UVC_ADC_5
PC0.Locked=true
PC0.Signal=ADCx_IN10
PC1.GPIOParameters=GPIO_Label
PC1.GPIO_Label=UVC_ADC_4
PC1.Locked=true
PC1.Signal=ADCx_IN11
PC12.GPIOParameters=GPIO_Label
PC12.GPIO_Label=SENSOR_AB_SDA
PC12.Mode=I2C
PC12.Signal=I2C2_SDA
PC2.GPIOParameters=GPIO_Label
PC2.GPIO_Label=UVC_ADC_3
PC2.Locked=true
PC2.Signal=ADCx_IN12
PC3.GPIOParameters=GPIO_Label
PC3.GPIO_Label=UVC_ADC_2
PC3.Locked=true
PC3.Signal=ADCx_IN13
PC4.GPIOParameters=GPIO_Label
PC4.GPIO_Label=MPU_INT
PC4.Locked=true
PC4.Signal=GPIO_Output
PC5.GPIOParameters=GPIO_Label
PC5.GPIO_Label=BATT_VOLTAGE
PC5.Locked=true
PC5.Signal=ADCx_IN15
PC9.GPIOParameters=GPIO_Label
PC9.GPIO_Label=SENSOR_C_SDA
PC9.Mode=I2C
PC9.Signal=I2C3_SDA
PCC.Checker=false
PCC.Line=STM32F446
PCC.MCU=STM32F446V(C-E)Tx
PCC.PartNumber=STM32F446VETx
PCC.Seq0=0
PCC.Series=STM32F4
PCC.Temperature=25
PCC.Vdd=null
PD11.GPIOParameters=GPIO_Label
PD11.GPIO_Label=SENSOR_D_DRDY
PD11.Locked=true
PD11.Signal=GPIO_Input
PD12.GPIOParameters=GPIO_Label
PD12.GPIO_Label=SENSOR_C_DRDY
PD12.Locked=true
PD12.Signal=GPIO_Input
PD13.GPIOParameters=GPIO_Label
PD13.GPIO_Label=SENSOR_B_DRDY
PD13.Locked=true
PD13.Signal=GPIO_Input
PD14.GPIOParameters=GPIO_Label
PD14.GPIO_Label=SENSOR_A_DRDY
PD14.Locked=true
PD14.Signal=GPIO_Input
PD5.GPIOParameters=GPIO_Label
PD5.GPIO_Label=STLINK_TX
PD5.Locked=true
PD5.Mode=Asynchronous
PD5.Signal=USART2_TX
PD6.GPIOParameters=GPIO_Label
PD6.GPIO_Label=STLINK_RX
PD6.Locked=true
PD6.Mode=Asynchronous
PD6.Signal=USART2_RX
PD7.GPIOParameters=GPIO_Label
PD7.GPIO_Label=MS56_CS
PD7.Locked=true
PD7.Signal=GPIO_Output
PD8.GPIOParameters=GPIO_Label
PD8.GPIO_Label=FLASH_RST
PD8.Locked=true
PD8.Signal=GPIO_Output
PE0.GPIOParameters=GPIO_Label
PE0.GPIO_Label=LOOP_LED
PE0.Locked=true
PE0.Signal=GPIO_Output
PE1.GPIOParameters=GPIO_Label
PE1.GPIO_Label=IND_LED
PE1.Locked=true
PE1.Signal=GPIO_Output
PE10.GPIOParameters=GPIO_Label
PE10.GPIO_Label=LED3
PE10.Locked=true
PE10.Signal=GPIO_Output
PE13.GPIOParameters=GPIO_Label
PE13.GPIO_Label=CONTROL_SENSOR_B
PE13.Locked=true
PE13.Signal=GPIO_Output
PE14.GPIOParameters=GPIO_Label
PE14.GPIO_Label=CONTROL_SENSOR_A
PE14.Locked=true
PE14.Signal=GPIO_Output
PE2.GPIOParameters=GPIO_Label
PE2.GPIO_Label=SD_CARD_SCK
PE2.Mode=Full_Duplex_Master
PE2.Signal=SPI4_SCK
PE3.GPIOParameters=GPIO_Label
PE3.GPIO_Label=SD_CARD_DETECT
PE3.Locked=true
PE3.Signal=GPIO_Input
PE4.GPIOParameters=GPIO_Label
PE4.GPIO_Label=SD_CS
PE4.Locked=true
PE4.Signal=GPIO_Output
PE5.GPIOParameters=GPIO_Label
PE5.GPIO_Label=SD_CARD_MISO
PE5.Mode=Full_Duplex_Master
PE5.Signal=SPI4_MISO
PE6.GPIOParameters=GPIO_Label
PE6.GPIO_Label=SD_CARD_MOSI
PE6.Mode=Full_Duplex_Master
PE6.Signal=SPI4_MOSI
PE8.GPIOParameters=GPIO_Label
PE8.GPIO_Label=LED1
PE8.Locked=true
PE8.Signal=GPIO_Output
PE9.GPIOParameters=GPIO_Label
PE9.GPIO_Label=LED2
PE9.Locked=true
PE9.Signal=GPIO_Output
PH0-OSC_IN.Locked=true
PH0-OSC_IN.Signal=RCC_OSC_IN
PH1-OSC_OUT.Locked=true
PH1-OSC_OUT.Signal=RCC_OSC_OUT
PinOutPanel.RotationAngle=0
ProjectManager.AskForMigrate=true
ProjectManager.BackupPrevious=false
ProjectManager.CompilerOptimize=6
ProjectManager.ComputerToolchain=false
ProjectManager.CoupleFile=true
ProjectManager.CustomerFirmwarePackage=
ProjectManager.DefaultFWLocation=true
ProjectManager.DeletePrevious=true
ProjectManager.DeviceId=STM32F446VETx
ProjectManager.FirmwarePackage=STM32Cube FW_F4 V1.23.0
ProjectManager.FreePins=false
ProjectManager.HalAssertFull=false
ProjectManager.HeapSize=0x200
ProjectManager.KeepUserCode=true
ProjectManager.LastFirmware=true
ProjectManager.LibraryCopy=1
ProjectManager.MainLocation=Src
ProjectManager.NoMain=false
ProjectManager.PreviousToolchain=SW4STM32
ProjectManager.ProjectBuild=false
ProjectManager.ProjectFileName=BeeLogic3.ioc
ProjectManager.ProjectName=BeeLogic3
ProjectManager.StackSize=0x400
ProjectManager.TargetToolchain=SW4STM32
ProjectManager.ToolChainLocation=
ProjectManager.UnderRoot=true
ProjectManager.functionlistsort=1-MX_GPIO_Init-GPIO-false-HAL-true,2-MX_DMA_Init-DMA-false-HAL-true,3-SystemClock_Config-RCC-false-HAL-false,4-MX_ADC1_Init-ADC1-false-HAL-true,5-MX_ADC2_Init-ADC2-false-HAL-true,6-MX_ADC3_Init-ADC3-false-HAL-true,7-MX_I2C1_Init-I2C1-false-HAL-true,8-MX_I2C2_Init-I2C2-false-HAL-true,9-MX_I2C3_Init-I2C3-false-HAL-true,10-MX_SPI1_Init-SPI1-false-HAL-true,11-MX_SPI2_Init-SPI2-false-HAL-true,12-MX_SPI3_Init-SPI3-false-HAL-true,13-MX_SPI4_Init-SPI4-false-HAL-true,14-MX_USART2_UART_Init-USART2-false-HAL-true,15-MX_RTC_Init-RTC-false-HAL-true,16-MX_TIM14_Init-TIM14-false-HAL-true,17-MX_TIM2_Init-TIM2-false-HAL-true,18-MX_TIM3_Init-TIM3-false-HAL-true,19-MX_TIM8_Init-TIM8-false-HAL-true
RCC.AHBFreq_Value=180000000
RCC.APB1CLKDivider=RCC_HCLK_DIV4
RCC.APB1Freq_Value=45000000
RCC.APB1TimFreq_Value=90000000
RCC.APB2CLKDivider=RCC_HCLK_DIV2
RCC.APB2Freq_Value=90000000
RCC.APB2TimFreq_Value=180000000
RCC.CECFreq_Value=32786.88524590164
RCC.CortexFreq_Value=180000000
RCC.FCLKCortexFreq_Value=180000000
RCC.FMPI2C1Freq_Value=45000000
RCC.FamilyName=M
RCC.HCLKFreq_Value=180000000
RCC.IPParameters=AHBFreq_Value,APB1CLKDivider,APB1Freq_Value,APB1TimFreq_Value,APB2CLKDivider,APB2Freq_Value,APB2TimFreq_Value,CECFreq_Value,CortexFreq_Value,FCLKCortexFreq_Value,FMPI2C1Freq_Value,FamilyName,HCLKFreq_Value,MCO2PinFreq_Value,PLLCLKFreq_Value,PLLI2SPCLKFreq_Value,PLLI2SQCLKFreq_Value,PLLI2SRCLKFreq_Value,PLLM,PLLN,PLLQCLKFreq_Value,PLLRCLKFreq_Value,PLLSAIPCLKFreq_Value,PLLSAIQCLKFreq_Value,PWRFreq_Value,SAIAFreq_Value,SAIBFreq_Value,SDIOFreq_Value,SPDIFRXFreq_Value,SYSCLKFreq_VALUE,SYSCLKSource,USBFreq_Value,VCOI2SInputFreq_Value,VCOI2SOutputFreq_Value,VCOInputFreq_Value,VCOOutputFreq_Value,VCOSAIInputFreq_Value,VCOSAIOutputFreq_Value
RCC.MCO2PinFreq_Value=180000000
RCC.PLLCLKFreq_Value=180000000
RCC.PLLI2SPCLKFreq_Value=96000000
RCC.PLLI2SQCLKFreq_Value=96000000
RCC.PLLI2SRCLKFreq_Value=96000000
RCC.PLLM=8
RCC.PLLN=180
RCC.PLLQCLKFreq_Value=180000000
RCC.PLLRCLKFreq_Value=180000000
RCC.PLLSAIPCLKFreq_Value=96000000
RCC.PLLSAIQCLKFreq_Value=96000000
RCC.PWRFreq_Value=180000000
RCC.SAIAFreq_Value=96000000
RCC.SAIBFreq_Value=96000000
RCC.SDIOFreq_Value=180000000
RCC.SPDIFRXFreq_Value=180000000
RCC.SYSCLKFreq_VALUE=180000000
RCC.SYSCLKSource=RCC_SYSCLKSOURCE_PLLCLK
RCC.USBFreq_Value=180000000
RCC.VCOI2SInputFreq_Value=1000000
RCC.VCOI2SOutputFreq_Value=192000000
RCC.VCOInputFreq_Value=2000000
RCC.VCOOutputFreq_Value=360000000
RCC.VCOSAIInputFreq_Value=1000000
RCC.VCOSAIOutputFreq_Value=192000000
SH.ADCx_IN10.0=ADC3_IN10,IN10
SH.ADCx_IN10.ConfNb=1
SH.ADCx_IN11.0=ADC3_IN11,IN11
SH.ADCx_IN11.ConfNb=1
SH.ADCx_IN12.0=ADC2_IN12,IN12
SH.ADCx_IN12.ConfNb=1
SH.ADCx_IN13.0=ADC1_IN13,IN13
SH.ADCx_IN13.ConfNb=1
SH.ADCx_IN15.0=ADC1_IN15,IN15
SH.ADCx_IN15.ConfNb=1
SH.ADCx_IN3.0=ADC2_IN3,IN3
SH.ADCx_IN3.ConfNb=1
SH.ADCx_IN8.0=ADC1_IN8,IN8
SH.ADCx_IN8.ConfNb=1
SH.ADCx_IN9.0=ADC2_IN9,IN9
SH.ADCx_IN9.ConfNb=1
SPI1.CalculateBaudRate=45.0 MBits/s
SPI1.Direction=SPI_DIRECTION_2LINES
SPI1.IPParameters=VirtualType,Mode,Direction,CalculateBaudRate
SPI1.Mode=SPI_MODE_MASTER
SPI1.VirtualType=VM_MASTER
SPI2.BaudRatePrescaler=SPI_BAUDRATEPRESCALER_8
SPI2.CalculateBaudRate=5.625 MBits/s
SPI2.Direction=SPI_DIRECTION_2LINES
SPI2.IPParameters=VirtualType,Mode,Direction,CalculateBaudRate,BaudRatePrescaler
SPI2.Mode=SPI_MODE_MASTER
SPI2.VirtualType=VM_MASTER
SPI3.BaudRatePrescaler=SPI_BAUDRATEPRESCALER_2
SPI3.CalculateBaudRate=22.5 MBits/s
SPI3.Direction=SPI_DIRECTION_2LINES
SPI3.IPParameters=VirtualType,Mode,Direction,CalculateBaudRate,BaudRatePrescaler
SPI3.Mode=SPI_MODE_MASTER
SPI3.VirtualType=VM_MASTER
SPI4.CalculateBaudRate=45.0 MBits/s
SPI4.Direction=SPI_DIRECTION_2LINES
SPI4.IPParameters=VirtualType,Mode,Direction,CalculateBaudRate
SPI4.Mode=SPI_MODE_MASTER
SPI4.VirtualType=VM_MASTER
TIM14.IPParameters=Prescaler,Period
TIM14.Period=5
TIM14.Prescaler=899
TIM2.IPParameters=Prescaler,Period
TIM2.Period=3
TIM2.Prescaler=999
TIM3.IPParameters=Prescaler,Period,TIM_MasterOutputTrigger
TIM3.Period=99
TIM3.Prescaler=8900
TIM3.TIM_MasterOutputTrigger=TIM_TRGO_UPDATE
TIM8.IPParameters=Prescaler,Period,TIM_MasterOutputTrigger
TIM8.Period=99
TIM8.Prescaler=17999
TIM8.TIM_MasterOutputTrigger=TIM_TRGO_UPDATE
USART2.IPParameters=VirtualMode
USART2.VirtualMode=VM_ASYNC
VP_RTC_VS_RTC_Activate.Mode=RTC_Enabled
VP_RTC_VS_RTC_Activate.Signal=RTC_VS_RTC_Activate
VP_RTC_VS_RTC_Calendar.Mode=RTC_Calendar
VP_RTC_VS_RTC_Calendar.Signal=RTC_VS_RTC_Calendar
VP_SYS_VS_Systick.Mode=SysTick
VP_SYS_VS_Systick.Signal=SYS_VS_Systick
VP_TIM14_VS_ClockSourceINT.Mode=Enable_Timer
VP_TIM14_VS_ClockSourceINT.Signal=TIM14_VS_ClockSourceINT
VP_TIM2_VS_ClockSourceINT.Mode=Internal
VP_TIM2_VS_ClockSourceINT.Signal=TIM2_VS_ClockSourceINT
VP_TIM3_VS_ClockSourceINT.Mode=Internal
VP_TIM3_VS_ClockSourceINT.Signal=TIM3_VS_ClockSourceINT
VP_TIM8_VS_ClockSourceINT.Mode=Internal
VP_TIM8_VS_ClockSourceINT.Signal=TIM8_VS_ClockSourceINT
board=custom
